
Microsoft Visual Studio Solution File, Format Version 12.00
# Visual Studio Version 17
VisualStudioVersion = 17.3.32825.248
MinimumVisualStudioVersion = 10.0.40219.1
Project("{FAE04EC0-301F-11D3-BF4B-00C04F79EFBC}") = "Reshetnikov23IS-3", "Reshetnikov23IS-3.csproj", "{19E7FBB4-462A-4E3D-A7C1-5150985460FB}"
EndProject
Global
	GlobalSection(SolutionConfigurationPlatforms) = preSolution
		Debug|Any CPU = Debug|Any CPU
		Release|Any CPU = Release|Any CPU
	EndGlobalSection
	GlobalSection(ProjectConfigurationPlatforms) = postSolution
		{19E7FBB4-462A-4E3D-A7C1-5150985460FB}.Debug|Any CPU.ActiveCfg = Debug|Any CPU
		{19E7FBB4-462A-4E3D-A7C1-5150985460FB}.Debug|Any CPU.Build.0 = Debug|Any CPU
		{19E7FBB4-462A-4E3D-A7C1-5150985460FB}.Release|Any CPU.ActiveCfg = Release|Any CPU
		{19E7FBB4-462A-4E3D-A7C1-5150985460FB}.Release|Any CPU.Build.0 = Release|Any CPU
	EndGlobalSection
	GlobalSection(SolutionProperties) = preSolution
		HideSolutionNode = FALSE
	EndGlobalSection
	GlobalSection(ExtensibilityGlobals) = postSolution
		SolutionGuid = {9F84E721-69F7-4769-829A-D7F2A4AA7911}
	EndGlobalSection
EndGlobal
